// !$*UTF8*$!
{
	archiveVersion = 1;
	classes = {
	};
	objectVersion = 46;
	objects = {

/* Begin PBXBuildFile section */
		501B65741D10AD7B00CB091E /* AppDelegate.swift in Sources */ = {isa = PBXBuildFile; fileRef = 501B65731D10AD7B00CB091E /* AppDelegate.swift */; };
		501B65761D10AD7B00CB091E /* ViewController.swift in Sources */ = {isa = PBXBuildFile; fileRef = 501B65751D10AD7B00CB091E /* ViewController.swift */; };
		501B65791D10AD7B00CB091E /* Main.storyboard in Resources */ = {isa = PBXBuildFile; fileRef = 501B65771D10AD7B00CB091E /* Main.storyboard */; };
		501B657B1D10AD7B00CB091E /* Assets.xcassets in Resources */ = {isa = PBXBuildFile; fileRef = 501B657A1D10AD7B00CB091E /* Assets.xcassets */; };
		501B657E1D10AD7B00CB091E /* LaunchScreen.storyboard in Resources */ = {isa = PBXBuildFile; fileRef = 501B657C1D10AD7B00CB091E /* LaunchScreen.storyboard */; };
		501B65891D10AD7C00CB091E /* TipCalcTests.swift in Sources */ = {isa = PBXBuildFile; fileRef = 501B65881D10AD7C00CB091E /* TipCalcTests.swift */; };
		501B65941D10AD7C00CB091E /* TipCalcUITests.swift in Sources */ = {isa = PBXBuildFile; fileRef = 501B65931D10AD7C00CB091E /* TipCalcUITests.swift */; };
/* End PBXBuildFile section */

/* Begin PBXContainerItemProxy section */
		501B65851D10AD7C00CB091E /* PBXContainerItemProxy */ = {
			isa = PBXContainerItemProxy;
			containerPortal = 501B65681D10AD7B00CB091E /* Project object */;
			proxyType = 1;
			remoteGlobalIDString = 501B656F1D10AD7B00CB091E;
			remoteInfo = TipCalc;
		};
		501B65901D10AD7C00CB091E /* PBXContainerItemProxy */ = {
			isa = PBXContainerItemProxy;
			containerPortal = 501B65681D10AD7B00CB091E /* Project object */;
			proxyType = 1;
			remoteGlobalIDString = 501B656F1D10AD7B00CB091E;
			remoteInfo = TipCalc;
		};
/* End PBXContainerItemProxy section */

/* Begin PBXFileReference section */
		501B65701D10AD7B00CB091E /* TipCalc.app */ = {isa = PBXFileReference; explicitFileType = wrapper.application; includeInIndex = 0; path = TipCalc.app; sourceTree = BUILT_PRODUCTS_DIR; };
		501B65731D10AD7B00CB091E /* AppDelegate.swift */ = {isa = PBXFileReference; lastKnownFileType = sourcecode.swift; path = AppDelegate.swift; sourceTree = "<group>"; };
		501B65751D10AD7B00CB091E /* ViewController.swift */ = {isa = PBXFileReference; lastKnownFileType = sourcecode.swift; path = ViewController.swift; sourceTree = "<group>"; };
		501B65781D10AD7B00CB091E /* Base */ = {isa = PBXFileReference; lastKnownFileType = file.storyboard; name = Base; path = Base.lproj/Main.storyboard; sourceTree = "<group>"; };
		501B657A1D10AD7B00CB091E /* Assets.xcassets */ = {isa = PBXFileReference; lastKnownFileType = folder.assetcatalog; path = Assets.xcassets; sourceTree = "<group>"; };
		501B657D1D10AD7B00CB091E /* Base */ = {isa = PBXFileReference; lastKnownFileType = file.storyboard; name = Base; path = Base.lproj/LaunchScreen.storyboard; sourceTree = "<group>"; };
		501B657F1D10AD7B00CB091E /* Info.plist */ = {isa = PBXFileReference; lastKnownFileType = text.plist.xml; path = Info.plist; sourceTree = "<group>"; };
		501B65841D10AD7C00CB091E /* TipCalcTests.xctest */ = {isa = PBXFileReference; explicitFileType = wrapper.cfbundle; includeInIndex = 0; path = TipCalcTests.xctest; sourceTree = BUILT_PRODUCTS_DIR; };
		501B65881D10AD7C00CB091E /* TipCalcTests.swift */ = {isa = PBXFileReference; lastKnownFileType = sourcecode.swift; path = TipCalcTests.swift; sourceTree = "<group>"; };
		501B658A1D10AD7C00CB091E /* Info.plist */ = {isa = PBXFileReference; lastKnownFileType = text.plist.xml; path = Info.plist; sourceTree = "<group>"; };
		501B658F1D10AD7C00CB091E /* TipCalcUITests.xctest */ = {isa = PBXFileReference; explicitFileType = wrapper.cfbundle; includeInIndex = 0; path = TipCalcUITests.xctest; sourceTree = BUILT_PRODUCTS_DIR; };
		501B65931D10AD7C00CB091E /* TipCalcUITests.swift */ = {isa = PBXFileReference; lastKnownFileType = sourcecode.swift; path = TipCalcUITests.swift; sourceTree = "<group>"; };
		501B65951D10AD7C00CB091E /* Info.plist */ = {isa = PBXFileReference; lastKnownFileType = text.plist.xml; path = Info.plist; sourceTree = "<group>"; };
/* End PBXFileReference section */

/* Begin PBXFrameworksBuildPhase section */
		501B656D1D10AD7B00CB091E /* Frameworks */ = {
			isa = PBXFrameworksBuildPhase;
			buildActionMask = 2147483647;
			files = (
			);
			runOnlyForDeploymentPostprocessing = 0;
		};
		501B65811D10AD7C00CB091E /* Frameworks */ = {
			isa = PBXFrameworksBuildPhase;
			buildActionMask = 2147483647;
			files = (
			);
			runOnlyForDeploymentPostprocessing = 0;
		};
		501B658C1D10AD7C00CB091E /* Frameworks */ = {
			isa = PBXFrameworksBuildPhase;
			buildActionMask = 2147483647;
			files = (
			);
			runOnlyForDeploymentPostprocessing = 0;
		};
/* End PBXFrameworksBuildPhase section */

/* Begin PBXGroup section */
		501B65671D10AD7B00CB091E = {
			isa = PBXGroup;
			children = (
				501B65721D10AD7B00CB091E /* TipCalc */,
				501B65871D10AD7C00CB091E /* TipCalcTests */,
				501B65921D10AD7C00CB091E /* TipCalcUITests */,
				501B65711D10AD7B00CB091E /* Products */,
			);
			sourceTree = "<group>";
		};
		501B65711D10AD7B00CB091E /* Products */ = {
			isa = PBXGroup;
			children = (
				501B65701D10AD7B00CB091E /* TipCalc.app */,
				501B65841D10AD7C00CB091E /* TipCalcTests.xctest */,
				501B658F1D10AD7C00CB091E /* TipCalcUITests.xctest */,
			);
			name = Products;
			sourceTree = "<group>";
		};
		501B65721D10AD7B00CB091E /* TipCalc */ = {
			isa = PBXGroup;
			children = (
				501B65731D10AD7B00CB091E /* AppDelegate.swift */,
				501B65751D10AD7B00CB091E /* ViewController.swift */,
				501B65771D10AD7B00CB091E /* Main.storyboard */,
				501B657A1D10AD7B00CB091E /* Assets.xcassets */,
				501B657C1D10AD7B00CB091E /* LaunchScreen.storyboard */,
				501B657F1D10AD7B00CB091E /* Info.plist */,
			);
			path = TipCalc;
			sourceTree = "<group>";
		};
		501B65871D10AD7C00CB091E /* TipCalcTests */ = {
			isa = PBXGroup;
			children = (
				501B65881D10AD7C00CB091E /* TipCalcTests.swift */,
				501B658A1D10AD7C00CB091E /* Info.plist */,
			);
			path = TipCalcTests;
			sourceTree = "<group>";
		};
		501B65921D10AD7C00CB091E /* TipCalcUITests */ = {
			isa = PBXGroup;
			children = (
				501B65931D10AD7C00CB091E /* TipCalcUITests.swift */,
				501B65951D10AD7C00CB091E /* Info.plist */,
			);
			path = TipCalcUITests;
			sourceTree = "<group>";
		};
/* End PBXGroup section */

/* Begin PBXNativeTarget section */
		501B656F1D10AD7B00CB091E /* TipCalc */ = {
			isa = PBXNativeTarget;
			buildConfigurationList = 501B65981D10AD7C00CB091E /* Build configuration list for PBXNativeTarget "TipCalc" */;
			buildPhases = (
				501B656C1D10AD7B00CB091E /* Sources */,
				501B656D1D10AD7B00CB091E /* Frameworks */,
				501B656E1D10AD7B00CB091E /* Resources */,
			);
			buildRules = (
			);
			dependencies = (
			);
			name = TipCalc;
			productName = TipCalc;
			productReference = 501B65701D10AD7B00CB091E /* TipCalc.app */;
			productType = "com.apple.product-type.application";
		};
		501B65831D10AD7C00CB091E /* TipCalcTests */ = {
			isa = PBXNativeTarget;
			buildConfigurationList = 501B659B1D10AD7C00CB091E /* Build configuration list for PBXNativeTarget "TipCalcTests" */;
			buildPhases = (
				501B65801D10AD7C00CB091E /* Sources */,
				501B65811D10AD7C00CB091E /* Frameworks */,
				501B65821D10AD7C00CB091E /* Resources */,
			);
			buildRules = (
			);
			dependencies = (
				501B65861D10AD7C00CB091E /* PBXTargetDependency */,
			);
			name = TipCalcTests;
			productName = TipCalcTests;
			productReference = 501B65841D10AD7C00CB091E /* TipCalcTests.xctest */;
			productType = "com.apple.product-type.bundle.unit-test";
		};
		501B658E1D10AD7C00CB091E /* TipCalcUITests */ = {
			isa = PBXNativeTarget;
			buildConfigurationList = 501B659E1D10AD7C00CB091E /* Build configuration list for PBXNativeTarget "TipCalcUITests" */;
			buildPhases = (
				501B658B1D10AD7C00CB091E /* Sources */,
				501B658C1D10AD7C00CB091E /* Frameworks */,
				501B658D1D10AD7C00CB091E /* Resources */,
			);
			buildRules = (
			);
			dependencies = (
				501B65911D10AD7C00CB091E /* PBXTargetDependency */,
			);
			name = TipCalcUITests;
			productName = TipCalcUITests;
			productReference = 501B658F1D10AD7C00CB091E /* TipCalcUITests.xctest */;
			productType = "com.apple.product-type.bundle.ui-testing";
		};
/* End PBXNativeTarget section */

/* Begin PBXProject section */
		501B65681D10AD7B00CB091E /* Project object */ = {
			isa = PBXProject;
			attributes = {
				LastSwiftUpdateCheck = 0730;
				LastUpgradeCheck = 0730;
				ORGANIZATIONNAME = "Devshi Mehrotra";
				TargetAttributes = {
					501B656F1D10AD7B00CB091E = {
						CreatedOnToolsVersion = 7.3.1;
					};
					501B65831D10AD7C00CB091E = {
						CreatedOnToolsVersion = 7.3.1;
						TestTargetID = 501B656F1D10AD7B00CB091E;
					};
					501B658E1D10AD7C00CB091E = {
						CreatedOnToolsVersion = 7.3.1;
						TestTargetID = 501B656F1D10AD7B00CB091E;
					};
				};
			};
			buildConfigurationList = 501B656B1D10AD7B00CB091E /* Build configuration list for PBXProject "TipCalc" */;
			compatibilityVersion = "Xcode 3.2";
			developmentRegion = English;
			hasScannedForEncodings = 0;
			knownRegions = (
				en,
				Base,
			);
			mainGroup = 501B65671D10AD7B00CB091E;
			productRefGroup = 501B65711D10AD7B00CB091E /* Products */;
			projectDirPath = "";
			projectRoot = "";
			targets = (
				501B656F1D10AD7B00CB091E /* TipCalc */,
				501B65831D10AD7C00CB091E /* TipCalcTests */,
				501B658E1D10AD7C00CB091E /* TipCalcUITests */,
			);
		};
/* End PBXProject section */

/* Begin PBXResourcesBuildPhase section */
		501B656E1D10AD7B00CB091E /* Resources */ = {
			isa = PBXResourcesBuildPhase;
			buildActionMask = 2147483647;
			files = (
				501B657E1D10AD7B00CB091E /* LaunchScreen.storyboard in Resources */,
				501B657B1D10AD7B00CB091E /* Assets.xcassets in Resources */,
				501B65791D10AD7B00CB091E /* Main.storyboard in Resources */,
			);
			runOnlyForDeploymentPostprocessing = 0;
		};
		501B65821D10AD7C00CB091E /* Resources */ = {
			isa = PBXResourcesBuildPhase;
			buildActionMask = 2147483647;
			files = (
			);
			runOnlyForDeploymentPostprocessing = 0;
		};
		501B658D1D10AD7C00CB091E /* Resources */ = {
			isa = PBXResourcesBuildPhase;
			buildActionMask = 2147483647;
			files = (
			);
			runOnlyForDeploymentPostprocessing = 0;
		};
/* End PBXResourcesBuildPhase section */

/* Begin PBXSourcesBuildPhase section */
		501B656C1D10AD7B00CB091E /* Sources */ = {
			isa = PBXSourcesBuildPhase;
			buildActionMask = 2147483647;
			files = (
				501B65761D10AD7B00CB091E /* ViewController.swift in Sources */,
				501B65741D10AD7B00CB091E /* AppDelegate.swift in Sources */,
			);
			runOnlyForDeploymentPostprocessing = 0;
		};
		501B65801D10AD7C00CB091E /* Sources */ = {
			isa = PBXSourcesBuildPhase;
			buildActionMask = 2147483647;
			files = (
				501B65891D10AD7C00CB091E /* TipCalcTests.swift in Sources */,
			);
			runOnlyForDeploymentPostprocessing = 0;
		};
		501B658B1D10AD7C00CB091E /* Sources */ = {
			isa = PBXSourcesBuildPhase;
			buildActionMask = 2147483647;
			files = (
				501B65941D10AD7C00CB091E /* TipCalcUITests.swift in Sources */,
			);
			runOnlyForDeploymentPostprocessing = 0;
		};
/* End PBXSourcesBuildPhase section */

/* Begin PBXTargetDependency section */
		501B65861D10AD7C00CB091E /* PBXTargetDependency */ = {
			isa = PBXTargetDependency;
			target = 501B656F1D10AD7B00CB091E /* TipCalc */;
			targetProxy = 501B65851D10AD7C00CB091E /* PBXContainerItemProxy */;
		};
		501B65911D10AD7C00CB091E /* PBXTargetDependency */ = {
			isa = PBXTargetDependency;
			target = 501B656F1D10AD7B00CB091E /* TipCalc */;
			targetProxy = 501B65901D10AD7C00CB091E /* PBXContainerItemProxy */;
		};
/* End PBXTargetDependency section */

/* Begin PBXVariantGroup section */
		501B65771D10AD7B00CB091E /* Main.storyboard */ = {
			isa = PBXVariantGroup;
			children = (
				501B65781D10AD7B00CB091E /* Base */,
			);
			name = Main.storyboard;
			sourceTree = "<group>";
		};
		501B657C1D10AD7B00CB091E /* LaunchScreen.storyboard */ = {
			isa = PBXVariantGroup;
			children = (
				501B657D1D10AD7B00CB091E /* Base */,
			);
			name = LaunchScreen.storyboard;
			sourceTree = "<group>";
		};
/* End PBXVariantGroup section */

/* Begin XCBuildConfiguration section */
		501B65961D10AD7C00CB091E /* Debug */ = {
			isa = XCBuildConfiguration;
			buildSettings = {
				ALWAYS_SEARCH_USER_PATHS = NO;
				CLANG_ANALYZER_NONNULL = YES;
				CLANG_CXX_LANGUAGE_STANDARD = "gnu++0x";
				CLANG_CXX_LIBRARY = "libc++";
				CLANG_ENABLE_MODULES = YES;
				CLANG_ENABLE_OBJC_ARC = YES;
				CLANG_WARN_BOOL_CONVERSION = YES;
				CLANG_WARN_CONSTANT_CONVERSION = YES;
				CLANG_WARN_DIRECT_OBJC_ISA_USAGE = YES_ERROR;
				CLANG_WARN_EMPTY_BODY = YES;
				CLANG_WARN_ENUM_CONVERSION = YES;
				CLANG_WARN_INT_CONVERSION = YES;
				CLANG_WARN_OBJC_ROOT_CLASS = YES_ERROR;
				CLANG_WARN_UNREACHABLE_CODE = YES;
				CLANG_WARN__DUPLICATE_METHOD_MATCH = YES;
				"CODE_SIGN_IDENTITY[sdk=iphoneos*]" = "iPhone Developer";
				COPY_PHASE_STRIP = NO;
				DEBUG_INFORMATION_FORMAT = dwarf;
				ENABLE_STRICT_OBJC_MSGSEND = YES;
				ENABLE_TESTABILITY = YES;
				GCC_C_LANGUAGE_STANDARD = gnu99;
				GCC_DYNAMIC_NO_PIC = NO;
				GCC_NO_COMMON_BLOCKS = YES;
				GCC_OPTIMIZATION_LEVEL = 0;
				GCC_PREPROCESSOR_DEFINITIONS = (
					"DEBUG=1",
					"$(inherited)",
				);
				GCC_WARN_64_TO_32_BIT_CONVERSION = YES;
				GCC_WARN_ABOUT_RETURN_TYPE = YES_ERROR;
				GCC_WARN_UNDECLARED_SELECTOR = YES;
				GCC_WARN_UNINITIALIZED_AUTOS = YES_AGGRESSIVE;
				GCC_WARN_UNUSED_FUNCTION = YES;
				GCC_WARN_UNUSED_VARIABLE = YES;
				IPHONEOS_DEPLOYMENT_TARGET = 9.3;
				MTL_ENABLE_DEBUG_INFO = YES;
				ONLY_ACTIVE_ARCH = YES;
				SDKROOT = iphoneos;
				SWIFT_OPTIMIZATION_LEVEL = "-Onone";
			};
			name = Debug;
		};
		501B65971D10AD7C00CB091E /* Release */ = {
			isa = XCBuildConfiguration;
			buildSettings = {
				ALWAYS_SEARCH_USER_PATHS = NO;
				CLANG_ANALYZER_NONNULL = YES;
				CLANG_CXX_LANGUAGE_STANDARD = "gnu++0x";
				CLANG_CXX_LIBRARY = "libc++";
				CLANG_ENABLE_MODULES = YES;
				CLANG_ENABLE_OBJC_ARC = YES;
				CLANG_WARN_BOOL_CONVERSION = YES;
				CLANG_WARN_CONSTANT_CONVERSION = YES;
				CLANG_WARN_DIRECT_OBJC_ISA_USAGE = YES_ERROR;
				CLANG_WARN_EMPTY_BODY = YES;
				CLANG_WARN_ENUM_CONVERSION = YES;
				CLANG_WARN_INT_CONVERSION = YES;
				CLANG_WARN_OBJC_ROOT_CLASS = YES_ERROR;
				CLANG_WARN_UNREACHABLE_CODE = YES;
				CLANG_WARN__DUPLICATE_METHOD_MATCH = YES;
				"CODE_SIGN_IDENTITY[sdk=iphoneos*]" = "iPhone Developer";
				COPY_PHASE_STRIP = NO;
				DEBUG_INFORMATION_FORMAT = "dwarf-with-dsym";
				ENABLE_NS_ASSERTIONS = NO;
				ENABLE_STRICT_OBJC_MSGSEND = YES;
				GCC_C_LANGUAGE_STANDARD = gnu99;
				GCC_NO_COMMON_BLOCKS = YES;
				GCC_WARN_64_TO_32_BIT_CONVERSION = YES;
				GCC_WARN_ABOUT_RETURN_TYPE = YES_ERROR;
				GCC_WARN_UNDECLARED_SELECTOR = YES;
				GCC_WARN_UNINITIALIZED_AUTOS = YES_AGGRESSIVE;
				GCC_WARN_UNUSED_FUNCTION = YES;
				GCC_WARN_UNUSED_VARIABLE = YES;
				IPHONEOS_DEPLOYMENT_TARGET = 9.3;
				MTL_ENABLE_DEBUG_INFO = NO;
				SDKROOT = iphoneos;
				VALIDATE_PRODUCT = YES;
			};
			name = Release;
		};
		501B65991D10AD7C00CB091E /* Debug */ = {
			isa = XCBuildConfiguration;
			buildSettings = {
				ASSETCATALOG_COMPILER_APPICON_NAME = AppIcon;
				INFOPLIST_FILE = TipCalc/Info.plist;
				LD_RUNPATH_SEARCH_PATHS = "$(inherited) @executable_path/Frameworks";
				PRODUCT_BUNDLE_IDENTIFIER = com.codepath.TipCalc;
				PRODUCT_NAME = "$(TARGET_NAME)";
			};
			name = Debug;
		};
		501B659A1D10AD7C00CB091E /* Release */ = {
			isa = XCBuildConfiguration;
			buildSettings = {
				ASSETCATALOG_COMPILER_APPICON_NAME = AppIcon;
				INFOPLIST_FILE = TipCalc/Info.plist;
				LD_RUNPATH_SEARCH_PATHS = "$(inherited) @executable_path/Frameworks";
				PRODUCT_BUNDLE_IDENTIFIER = com.codepath.TipCalc;
				PRODUCT_NAME = "$(TARGET_NAME)";
			};
			name = Release;
		};
		501B659C1D10AD7C00CB091E /* Debug */ = {
			isa = XCBuildConfiguration;
			buildSettings = {
				BUNDLE_LOADER = "$(TEST_HOST)";
				INFOPLIST_FILE = TipCalcTests/Info.plist;
				LD_RUNPATH_SEARCH_PATHS = "$(inherited) @executable_path/Frameworks @loader_path/Frameworks";
				PRODUCT_BUNDLE_IDENTIFIER = com.codepath.TipCalcTests;
				PRODUCT_NAME = "$(TARGET_NAME)";
				TEST_HOST = "$(BUILT_PRODUCTS_DIR)/TipCalc.app/TipCalc";
			};
			name = Debug;
		};
		501B659D1D10AD7C00CB091E /* Release */ = {
			isa = XCBuildConfiguration;
			buildSettings = {
				BUNDLE_LOADER = "$(TEST_HOST)";
				INFOPLIST_FILE = TipCalcTests/Info.plist;
				LD_RUNPATH_SEARCH_PATHS = "$(inherited) @executable_path/Frameworks @loader_path/Frameworks";
				PRODUCT_BUNDLE_IDENTIFIER = com.codepath.TipCalcTests;
				PRODUCT_NAME = "$(TARGET_NAME)";
				TEST_HOST = "$(BUILT_PRODUCTS_DIR)/TipCalc.app/TipCalc";
			};
			name = Release;
		};
		501B659F1D10AD7C00CB091E /* Debug */ = {
			isa = XCBuildConfiguration;
			buildSettings = {
				INFOPLIST_FILE = TipCalcUITests/Info.plist;
				LD_RUNPATH_SEARCH_PATHS = "$(inherited) @executable_path/Frameworks @loader_path/Frameworks";
				PRODUCT_BUNDLE_IDENTIFIER = com.codepath.TipCalcUITests;
				PRODUCT_NAME = "$(TARGET_NAME)";
				TEST_TARGET_NAME = TipCalc;
			};
			name = Debug;
		};
		501B65A01D10AD7C00CB091E /* Release */ = {
			isa = XCBuildConfiguration;
			buildSettings = {
				INFOPLIST_FILE = TipCalcUITests/Info.plist;
				LD_RUNPATH_SEARCH_PATHS = "$(inherited) @executable_path/Frameworks @loader_path/Frameworks";
				PRODUCT_BUNDLE_IDENTIFIER = com.codepath.TipCalcUITests;
				PRODUCT_NAME = "$(TARGET_NAME)";
				TEST_TARGET_NAME = TipCalc;
			};
			name = Release;
		};
/* End XCBuildConfiguration section */

/* Begin XCConfigurationList section */
		501B656B1D10AD7B00CB091E /* Build configuration list for PBXProject "TipCalc" */ = {
			isa = XCConfigurationList;
			buildConfigurations = (
				501B65961D10AD7C00CB091E /* Debug */,
				501B65971D10AD7C00CB091E /* Release */,
			);
			defaultConfigurationIsVisible = 0;
			defaultConfigurationName = Release;
		};
		501B65981D10AD7C00CB091E /* Build configuration list for PBXNativeTarget "TipCalc" */ = {
			isa = XCConfigurationList;
			buildConfigurations = (
				501B65991D10AD7C00CB091E /* Debug */,
				501B659A1D10AD7C00CB091E /* Release */,
			);
			defaultConfigurationIsVisible = 0;
		};
		501B659B1D10AD7C00CB091E /* Build configuration list for PBXNativeTarget "TipCalcTests" */ = {
			isa = XCConfigurationList;
			buildConfigurations = (
				501B659C1D10AD7C00CB091E /* Debug */,
				501B659D1D10AD7C00CB091E /* Release */,
			);
			defaultConfigurationIsVisible = 0;
		};
		501B659E1D10AD7C00CB091E /* Build configuration list for PBXNativeTarget "TipCalcUITests" */ = {
			isa = XCConfigurationList;
			buildConfigurations = (
				501B659F1D10AD7C00CB091E /* Debug */,
				501B65A01D10AD7C00CB091E /* Release */,
			);
			defaultConfigurationIsVisible = 0;
		};
/* End XCConfigurationList section */
	};
	rootObject = 501B65681D10AD7B00CB091E /* Project object */;
}
